{
    "version": 3,
    "terraform_version": "0.11.10",
    "serial": 2,
    "lineage": "feeabb99-17fc-d2f7-5a49-5ef197166f0d",
    "modules": [
        {
            "path": [
                "root"
            ],
            "outputs": {},
            "resources": {},
            "depends_on": []
        },
        {
            "path": [
                "root",
                "my_vpc"
            ],
            "outputs": {
                "subnet_id": {
                    "sensitive": false,
                    "type": "string",
                    "value": "subnet-05cf39ed5d92b1438"
                },
                "vpc_id": {
                    "sensitive": false,
                    "type": "string",
                    "value": "vpc-06d6e8f3aac6e1a12"
                }
            },
            "resources": {
                "aws_subnet.main": {
                    "type": "aws_subnet",
                    "depends_on": [],
                    "primary": {
                        "id": "subnet-05cf39ed5d92b1438",
                        "attributes": {
                            "arn": "arn:aws:ec2:ap-south-1:106547729051:subnet/subnet-05cf39ed5d92b1438",
                            "assign_ipv6_address_on_creation": "false",
                            "availability_zone": "ap-south-1b",
                            "availability_zone_id": "aps1-az3",
                            "cidr_block": "192.168.1.0/24",
                            "id": "subnet-05cf39ed5d92b1438",
                            "ipv6_cidr_block": "",
                            "ipv6_cidr_block_association_id": "",
                            "map_public_ip_on_launch": "false",
                            "owner_id": "106547729051",
                            "tags.%": "1",
                            "tags.Name": "Main",
                            "vpc_id": "vpc-06d6e8f3aac6e1a12"
                        },
                        "meta": {
                            "e2bfb730-ecaa-11e6-8f88-34363bc7c4c0": {
                                "create": 600000000000,
                                "delete": 600000000000
                            },
                            "schema_version": "1"
                        },
                        "tainted": false
                    },
                    "deposed": [],
                    "provider": "provider.aws"
                },
                "aws_vpc.main": {
                    "type": "aws_vpc",
                    "depends_on": [],
                    "primary": {
                        "id": "vpc-06d6e8f3aac6e1a12",
                        "attributes": {
                            "arn": "arn:aws:ec2:ap-south-1:106547729051:vpc/vpc-06d6e8f3aac6e1a12",
                            "assign_generated_ipv6_cidr_block": "false",
                            "cidr_block": "192.168.0.0/16",
                            "default_network_acl_id": "acl-0a82b716f48a7e116",
                            "default_route_table_id": "rtb-0a672acbc50e28712",
                            "default_security_group_id": "sg-0ee7b964bc45bb432",
                            "dhcp_options_id": "dopt-e500018d",
                            "enable_dns_hostnames": "false",
                            "enable_dns_support": "true",
                            "id": "vpc-06d6e8f3aac6e1a12",
                            "instance_tenancy": "default",
                            "ipv6_association_id": "",
                            "ipv6_cidr_block": "",
                            "main_route_table_id": "rtb-0a672acbc50e28712",
                            "owner_id": "106547729051",
                            "tags.%": "1",
                            "tags.Name": "main"
                        },
                        "meta": {
                            "schema_version": "1"
                        },
                        "tainted": false
                    },
                    "deposed": [],
                    "provider": "provider.aws"
                }
            },
            "depends_on": []
        }
    ]
}
